// !$*UTF8*$!
{
	archiveVersion = 1;
	classes = {
	};
	objectVersion = 56;
	objects = {

/* Begin PBXBuildFile section */
		640B31CD29BE39880027010A /* AppDelegate.swift in Sources */ = {isa = PBXBuildFile; fileRef = 640B31CC29BE39880027010A /* AppDelegate.swift */; };
		640B31CF29BE39880027010A /* SceneDelegate.swift in Sources */ = {isa = PBXBuildFile; fileRef = 640B31CE29BE39880027010A /* SceneDelegate.swift */; };
		640B31D129BE39880027010A /* ViewController.swift in Sources */ = {isa = PBXBuildFile; fileRef = 640B31D029BE39880027010A /* ViewController.swift */; };
		640B31D429BE39880027010A /* Main.storyboard in Resources */ = {isa = PBXBuildFile; fileRef = 640B31D229BE39880027010A /* Main.storyboard */; };
		640B31D629BE39890027010A /* Assets.xcassets in Resources */ = {isa = PBXBuildFile; fileRef = 640B31D529BE39890027010A /* Assets.xcassets */; };
		640B31D929BE39890027010A /* LaunchScreen.storyboard in Resources */ = {isa = PBXBuildFile; fileRef = 640B31D729BE39890027010A /* LaunchScreen.storyboard */; };
		640B31E529BE39AD0027010A /* SlidingSheet in Frameworks */ = {isa = PBXBuildFile; productRef = 640B31E429BE39AD0027010A /* SlidingSheet */; };
		640B31E729BF13B00027010A /* MapsController.swift in Sources */ = {isa = PBXBuildFile; fileRef = 640B31E629BF13B00027010A /* MapsController.swift */; };
		640B31E929BF13BD0027010A /* MapsController.storyboard in Resources */ = {isa = PBXBuildFile; fileRef = 640B31E829BF13BD0027010A /* MapsController.storyboard */; };
		640B31EB29BF8D210027010A /* DetailCell.xib in Resources */ = {isa = PBXBuildFile; fileRef = 640B31EA29BF8D210027010A /* DetailCell.xib */; };
		640B31ED29BF8D3E0027010A /* DetailCell.swift in Sources */ = {isa = PBXBuildFile; fileRef = 640B31EC29BF8D3E0027010A /* DetailCell.swift */; };
		640B31EF29BF93640027010A /* ListController.swift in Sources */ = {isa = PBXBuildFile; fileRef = 640B31EE29BF93640027010A /* ListController.swift */; };
		640FB52029C310A80094DBDB /* FixedView.xib in Resources */ = {isa = PBXBuildFile; fileRef = 640FB51F29C310A80094DBDB /* FixedView.xib */; };
/* End PBXBuildFile section */

/* Begin PBXFileReference section */
		640B31C929BE39880027010A /* Example.app */ = {isa = PBXFileReference; explicitFileType = wrapper.application; includeInIndex = 0; path = Example.app; sourceTree = BUILT_PRODUCTS_DIR; };
		640B31CC29BE39880027010A /* AppDelegate.swift */ = {isa = PBXFileReference; lastKnownFileType = sourcecode.swift; path = AppDelegate.swift; sourceTree = "<group>"; };
		640B31CE29BE39880027010A /* SceneDelegate.swift */ = {isa = PBXFileReference; lastKnownFileType = sourcecode.swift; path = SceneDelegate.swift; sourceTree = "<group>"; };
		640B31D029BE39880027010A /* ViewController.swift */ = {isa = PBXFileReference; lastKnownFileType = sourcecode.swift; path = ViewController.swift; sourceTree = "<group>"; };
		640B31D329BE39880027010A /* Base */ = {isa = PBXFileReference; lastKnownFileType = file.storyboard; name = Base; path = Base.lproj/Main.storyboard; sourceTree = "<group>"; };
		640B31D529BE39890027010A /* Assets.xcassets */ = {isa = PBXFileReference; lastKnownFileType = folder.assetcatalog; path = Assets.xcassets; sourceTree = "<group>"; };
		640B31D829BE39890027010A /* Base */ = {isa = PBXFileReference; lastKnownFileType = file.storyboard; name = Base; path = Base.lproj/LaunchScreen.storyboard; sourceTree = "<group>"; };
		640B31DA29BE39890027010A /* Info.plist */ = {isa = PBXFileReference; lastKnownFileType = text.plist.xml; path = Info.plist; sourceTree = "<group>"; };
		640B31E029BE39900027010A /* SlidingSheet */ = {isa = PBXFileReference; lastKnownFileType = wrapper; name = SlidingSheet; path = ..; sourceTree = "<group>"; };
		640B31E629BF13B00027010A /* MapsController.swift */ = {isa = PBXFileReference; lastKnownFileType = sourcecode.swift; path = MapsController.swift; sourceTree = "<group>"; };
		640B31E829BF13BD0027010A /* MapsController.storyboard */ = {isa = PBXFileReference; lastKnownFileType = file.storyboard; path = MapsController.storyboard; sourceTree = "<group>"; };
		640B31EA29BF8D210027010A /* DetailCell.xib */ = {isa = PBXFileReference; lastKnownFileType = file.xib; path = DetailCell.xib; sourceTree = "<group>"; };
		640B31EC29BF8D3E0027010A /* DetailCell.swift */ = {isa = PBXFileReference; lastKnownFileType = sourcecode.swift; path = DetailCell.swift; sourceTree = "<group>"; };
		640B31EE29BF93640027010A /* ListController.swift */ = {isa = PBXFileReference; lastKnownFileType = sourcecode.swift; path = ListController.swift; sourceTree = "<group>"; };
		640FB51F29C310A80094DBDB /* FixedView.xib */ = {isa = PBXFileReference; lastKnownFileType = file.xib; path = FixedView.xib; sourceTree = "<group>"; };
/* End PBXFileReference section */

/* Begin PBXFrameworksBuildPhase section */
		640B31C629BE39880027010A /* Frameworks */ = {
			isa = PBXFrameworksBuildPhase;
			buildActionMask = 2147483647;
			files = (
				640B31E529BE39AD0027010A /* SlidingSheet in Frameworks */,
			);
			runOnlyForDeploymentPostprocessing = 0;
		};
/* End PBXFrameworksBuildPhase section */

/* Begin PBXGroup section */
		640B31C029BE39880027010A = {
			isa = PBXGroup;
			children = (
				640B31E029BE39900027010A /* SlidingSheet */,
				640B31CB29BE39880027010A /* Example */,
				640B31CA29BE39880027010A /* Products */,
				640B31E329BE39AD0027010A /* Frameworks */,
			);
			sourceTree = "<group>";
		};
		640B31CA29BE39880027010A /* Products */ = {
			isa = PBXGroup;
			children = (
				640B31C929BE39880027010A /* Example.app */,
			);
			name = Products;
			sourceTree = "<group>";
		};
		640B31CB29BE39880027010A /* Example */ = {
			isa = PBXGroup;
			children = (
				640B31CC29BE39880027010A /* AppDelegate.swift */,
				640B31CE29BE39880027010A /* SceneDelegate.swift */,
				640B31D029BE39880027010A /* ViewController.swift */,
				640B31E629BF13B00027010A /* MapsController.swift */,
				640B31EE29BF93640027010A /* ListController.swift */,
				640B31EC29BF8D3E0027010A /* DetailCell.swift */,
				640FB51F29C310A80094DBDB /* FixedView.xib */,
				640B31E829BF13BD0027010A /* MapsController.storyboard */,
				640B31EA29BF8D210027010A /* DetailCell.xib */,
				640B31D229BE39880027010A /* Main.storyboard */,
				640B31D529BE39890027010A /* Assets.xcassets */,
				640B31D729BE39890027010A /* LaunchScreen.storyboard */,
				640B31DA29BE39890027010A /* Info.plist */,
			);
			path = Example;
			sourceTree = "<group>";
		};
		640B31E329BE39AD0027010A /* Frameworks */ = {
			isa = PBXGroup;
			children = (
			);
			name = Frameworks;
			sourceTree = "<group>";
		};
/* End PBXGroup section */

/* Begin PBXNativeTarget section */
		640B31C829BE39880027010A /* Example */ = {
			isa = PBXNativeTarget;
			buildConfigurationList = 640B31DD29BE39890027010A /* Build configuration list for PBXNativeTarget "Example" */;
			buildPhases = (
				640B31C529BE39880027010A /* Sources */,
				640B31C629BE39880027010A /* Frameworks */,
				640B31C729BE39880027010A /* Resources */,
			);
			buildRules = (
			);
			dependencies = (
				640B31E229BE39A90027010A /* PBXTargetDependency */,
			);
			name = Example;
			packageProductDependencies = (
				640B31E429BE39AD0027010A /* SlidingSheet */,
			);
			productName = Example;
			productReference = 640B31C929BE39880027010A /* Example.app */;
			productType = "com.apple.product-type.application";
		};
/* End PBXNativeTarget section */

/* Begin PBXProject section */
		640B31C129BE39880027010A /* Project object */ = {
			isa = PBXProject;
			attributes = {
				BuildIndependentTargetsInParallel = 1;
				LastSwiftUpdateCheck = 1420;
				LastUpgradeCheck = 1420;
				TargetAttributes = {
					640B31C829BE39880027010A = {
						CreatedOnToolsVersion = 14.2;
					};
				};
			};
			buildConfigurationList = 640B31C429BE39880027010A /* Build configuration list for PBXProject "Example" */;
			compatibilityVersion = "Xcode 14.0";
			developmentRegion = en;
			hasScannedForEncodings = 0;
			knownRegions = (
				en,
				Base,
			);
			mainGroup = 640B31C029BE39880027010A;
			productRefGroup = 640B31CA29BE39880027010A /* Products */;
			projectDirPath = "";
			projectRoot = "";
			targets = (
				640B31C829BE39880027010A /* Example */,
			);
		};
/* End PBXProject section */

/* Begin PBXResourcesBuildPhase section */
		640B31C729BE39880027010A /* Resources */ = {
			isa = PBXResourcesBuildPhase;
			buildActionMask = 2147483647;
			files = (
				640B31D929BE39890027010A /* LaunchScreen.storyboard in Resources */,
				640B31E929BF13BD0027010A /* MapsController.storyboard in Resources */,
				640B31D629BE39890027010A /* Assets.xcassets in Resources */,
				640FB52029C310A80094DBDB /* FixedView.xib in Resources */,
				640B31D429BE39880027010A /* Main.storyboard in Resources */,
				640B31EB29BF8D210027010A /* DetailCell.xib in Resources */,
			);
			runOnlyForDeploymentPostprocessing = 0;
		};
/* End PBXResourcesBuildPhase section */

/* Begin PBXSourcesBuildPhase section */
		640B31C529BE39880027010A /* Sources */ = {
			isa = PBXSourcesBuildPhase;
			buildActionMask = 2147483647;
			files = (
				640B31ED29BF8D3E0027010A /* DetailCell.swift in Sources */,
				640B31E729BF13B00027010A /* MapsController.swift in Sources */,
				640B31D129BE39880027010A /* ViewController.swift in Sources */,
				640B31CD29BE39880027010A /* AppDelegate.swift in Sources */,
				640B31CF29BE39880027010A /* SceneDelegate.swift in Sources */,
				640B31EF29BF93640027010A /* ListController.swift in Sources */,
			);
			runOnlyForDeploymentPostprocessing = 0;
		};
/* End PBXSourcesBuildPhase section */

/* Begin PBXTargetDependency section */
		640B31E229BE39A90027010A /* PBXTargetDependency */ = {
			isa = PBXTargetDependency;
			productRef = 640B31E129BE39A90027010A /* SlidingSheet */;
		};
/* End PBXTargetDependency section */

/* Begin PBXVariantGroup section */
		640B31D229BE39880027010A /* Main.storyboard */ = {
			isa = PBXVariantGroup;
			children = (
				640B31D329BE39880027010A /* Base */,
			);
			name = Main.storyboard;
			sourceTree = "<group>";
		};
		640B31D729BE39890027010A /* LaunchScreen.storyboard */ = {
			isa = PBXVariantGroup;
			children = (
				640B31D829BE39890027010A /* Base */,
			);
			name = LaunchScreen.storyboard;
			sourceTree = "<group>";
		};
/* End PBXVariantGroup section */

/* Begin XCBuildConfiguration section */
		640B31DB29BE39890027010A /* Debug */ = {
			isa = XCBuildConfiguration;
			buildSettings = {
				ALWAYS_SEARCH_USER_PATHS = NO;
				CLANG_ANALYZER_NONNULL = YES;
				CLANG_ANALYZER_NUMBER_OBJECT_CONVERSION = YES_AGGRESSIVE;
				CLANG_CXX_LANGUAGE_STANDARD = "gnu++20";
				CLANG_ENABLE_MODULES = YES;
				CLANG_ENABLE_OBJC_ARC = YES;
				CLANG_ENABLE_OBJC_WEAK = YES;
				CLANG_WARN_BLOCK_CAPTURE_AUTORELEASING = YES;
				CLANG_WARN_BOOL_CONVERSION = YES;
				CLANG_WARN_COMMA = YES;
				CLANG_WARN_CONSTANT_CONVERSION = YES;
				CLANG_WARN_DEPRECATED_OBJC_IMPLEMENTATIONS = YES;
				CLANG_WARN_DIRECT_OBJC_ISA_USAGE = YES_ERROR;
				CLANG_WARN_DOCUMENTATION_COMMENTS = YES;
				CLANG_WARN_EMPTY_BODY = YES;
				CLANG_WARN_ENUM_CONVERSION = YES;
				CLANG_WARN_INFINITE_RECURSION = YES;
				CLANG_WARN_INT_CONVERSION = YES;
				CLANG_WARN_NON_LITERAL_NULL_CONVERSION = YES;
				CLANG_WARN_OBJC_IMPLICIT_RETAIN_SELF = YES;
				CLANG_WARN_OBJC_LITERAL_CONVERSION = YES;
				CLANG_WARN_OBJC_ROOT_CLASS = YES_ERROR;
				CLANG_WARN_QUOTED_INCLUDE_IN_FRAMEWORK_HEADER = YES;
				CLANG_WARN_RANGE_LOOP_ANALYSIS = YES;
				CLANG_WARN_STRICT_PROTOTYPES = YES;
				CLANG_WARN_SUSPICIOUS_MOVE = YES;
				CLANG_WARN_UNGUARDED_AVAILABILITY = YES_AGGRESSIVE;
				CLANG_WARN_UNREACHABLE_CODE = YES;
				CLANG_WARN__DUPLICATE_METHOD_MATCH = YES;
				COPY_PHASE_STRIP = NO;
				DEBUG_INFORMATION_FORMAT = dwarf;
				ENABLE_STRICT_OBJC_MSGSEND = YES;
				ENABLE_TESTABILITY = YES;
				GCC_C_LANGUAGE_STANDARD = gnu11;
				GCC_DYNAMIC_NO_PIC = NO;
				GCC_NO_COMMON_BLOCKS = YES;
				GCC_OPTIMIZATION_LEVEL = 0;
				GCC_PREPROCESSOR_DEFINITIONS = (
					"DEBUG=1",
					"$(inherited)",
				);
				GCC_WARN_64_TO_32_BIT_CONVERSION = YES;
				GCC_WARN_ABOUT_RETURN_TYPE = YES_ERROR;
				GCC_WARN_UNDECLARED_SELECTOR = YES;
				GCC_WARN_UNINITIALIZED_AUTOS = YES_AGGRESSIVE;
				GCC_WARN_UNUSED_FUNCTION = YES;
				GCC_WARN_UNUSED_VARIABLE = YES;
				IPHONEOS_DEPLOYMENT_TARGET = 16.2;
				MTL_ENABLE_DEBUG_INFO = INCLUDE_SOURCE;
				MTL_FAST_MATH = YES;
				ONLY_ACTIVE_ARCH = YES;
				SDKROOT = iphoneos;
				SWIFT_ACTIVE_COMPILATION_CONDITIONS = DEBUG;
				SWIFT_OPTIMIZATION_LEVEL = "-Onone";
			};
			name = Debug;
		};
		640B31DC29BE39890027010A /* Release */ = {
			isa = XCBuildConfiguration;
			buildSettings = {
				ALWAYS_SEARCH_USER_PATHS = NO;
				CLANG_ANALYZER_NONNULL = YES;
				CLANG_ANALYZER_NUMBER_OBJECT_CONVERSION = YES_AGGRESSIVE;
				CLANG_CXX_LANGUAGE_STANDARD = "gnu++20";
				CLANG_ENABLE_MODULES = YES;
				CLANG_ENABLE_OBJC_ARC = YES;
				CLANG_ENABLE_OBJC_WEAK = YES;
				CLANG_WARN_BLOCK_CAPTURE_AUTORELEASING = YES;
				CLANG_WARN_BOOL_CONVERSION = YES;
				CLANG_WARN_COMMA = YES;
				CLANG_WARN_CONSTANT_CONVERSION = YES;
				CLANG_WARN_DEPRECATED_OBJC_IMPLEMENTATIONS = YES;
				CLANG_WARN_DIRECT_OBJC_ISA_USAGE = YES_ERROR;
				CLANG_WARN_DOCUMENTATION_COMMENTS = YES;
				CLANG_WARN_EMPTY_BODY = YES;
				CLANG_WARN_ENUM_CONVERSION = YES;
				CLANG_WARN_INFINITE_RECURSION = YES;
				CLANG_WARN_INT_CONVERSION = YES;
				CLANG_WARN_NON_LITERAL_NULL_CONVERSION = YES;
				CLANG_WARN_OBJC_IMPLICIT_RETAIN_SELF = YES;
				CLANG_WARN_OBJC_LITERAL_CONVERSION = YES;
				CLANG_WARN_OBJC_ROOT_CLASS = YES_ERROR;
				CLANG_WARN_QUOTED_INCLUDE_IN_FRAMEWORK_HEADER = YES;
				CLANG_WARN_RANGE_LOOP_ANALYSIS = YES;
				CLANG_WARN_STRICT_PROTOTYPES = YES;
				CLANG_WARN_SUSPICIOUS_MOVE = YES;
				CLANG_WARN_UNGUARDED_AVAILABILITY = YES_AGGRESSIVE;
				CLANG_WARN_UNREACHABLE_CODE = YES;
				CLANG_WARN__DUPLICATE_METHOD_MATCH = YES;
				COPY_PHASE_STRIP = NO;
				DEBUG_INFORMATION_FORMAT = "dwarf-with-dsym";
				ENABLE_NS_ASSERTIONS = NO;
				ENABLE_STRICT_OBJC_MSGSEND = YES;
				GCC_C_LANGUAGE_STANDARD = gnu11;
				GCC_NO_COMMON_BLOCKS = YES;
				GCC_WARN_64_TO_32_BIT_CONVERSION = YES;
				GCC_WARN_ABOUT_RETURN_TYPE = YES_ERROR;
				GCC_WARN_UNDECLARED_SELECTOR = YES;
				GCC_WARN_UNINITIALIZED_AUTOS = YES_AGGRESSIVE;
				GCC_WARN_UNUSED_FUNCTION = YES;
				GCC_WARN_UNUSED_VARIABLE = YES;
				IPHONEOS_DEPLOYMENT_TARGET = 16.2;
				MTL_ENABLE_DEBUG_INFO = NO;
				MTL_FAST_MATH = YES;
				SDKROOT = iphoneos;
				SWIFT_COMPILATION_MODE = wholemodule;
				SWIFT_OPTIMIZATION_LEVEL = "-O";
				VALIDATE_PRODUCT = YES;
			};
			name = Release;
		};
		640B31DE29BE39890027010A /* Debug */ = {
			isa = XCBuildConfiguration;
			buildSettings = {
				ASSETCATALOG_COMPILER_APPICON_NAME = AppIcon;
				ASSETCATALOG_COMPILER_GLOBAL_ACCENT_COLOR_NAME = AccentColor;
				CODE_SIGN_STYLE = Automatic;
				CURRENT_PROJECT_VERSION = 1;
				DEVELOPMENT_TEAM = GHLS8P2M5V;
				GENERATE_INFOPLIST_FILE = YES;
				INFOPLIST_FILE = Example/Info.plist;
				INFOPLIST_KEY_UIApplicationSupportsIndirectInputEvents = YES;
				INFOPLIST_KEY_UILaunchStoryboardName = LaunchScreen;
				INFOPLIST_KEY_UIMainStoryboardFile = Main;
				INFOPLIST_KEY_UISupportedInterfaceOrientations_iPad = "UIInterfaceOrientationPortrait UIInterfaceOrientationPortraitUpsideDown UIInterfaceOrientationLandscapeLeft UIInterfaceOrientationLandscapeRight";
				INFOPLIST_KEY_UISupportedInterfaceOrientations_iPhone = "UIInterfaceOrientationPortrait UIInterfaceOrientationLandscapeLeft UIInterfaceOrientationLandscapeRight";
				INFOPLIST_KEY_UIUserInterfaceStyle = Light;
				LD_RUNPATH_SEARCH_PATHS = (
					"$(inherited)",
					"@executable_path/Frameworks",
				);
				MARKETING_VERSION = 1.0;
				PRODUCT_BUNDLE_IDENTIFIER = com.slidingsheet.Example;
				PRODUCT_NAME = "$(TARGET_NAME)";
				SWIFT_EMIT_LOC_STRINGS = YES;
				SWIFT_VERSION = 5.0;
				TARGETED_DEVICE_FAMILY = "1,2";
			};
			name = Debug;
		};
		640B31DF29BE39890027010A /* Release */ = {
			isa = XCBuildConfiguration;
			buildSettings = {
				ASSETCATALOG_COMPILER_APPICON_NAME = AppIcon;
				ASSETCATALOG_COMPILER_GLOBAL_ACCENT_COLOR_NAME = AccentColor;
				CODE_SIGN_STYLE = Automatic;
				CURRENT_PROJECT_VERSION = 1;
				DEVELOPMENT_TEAM = GHLS8P2M5V;
				GENERATE_INFOPLIST_FILE = YES;
				INFOPLIST_FILE = Example/Info.plist;
				INFOPLIST_KEY_UIApplicationSupportsIndirectInputEvents = YES;
				INFOPLIST_KEY_UILaunchStoryboardName = LaunchScreen;
				INFOPLIST_KEY_UIMainStoryboardFile = Main;
				INFOPLIST_KEY_UISupportedInterfaceOrientations_iPad = "UIInterfaceOrientationPortrait UIInterfaceOrientationPortraitUpsideDown UIInterfaceOrientationLandscapeLeft UIInterfaceOrientationLandscapeRight";
				INFOPLIST_KEY_UISupportedInterfaceOrientations_iPhone = "UIInterfaceOrientationPortrait UIInterfaceOrientationLandscapeLeft UIInterfaceOrientationLandscapeRight";
				INFOPLIST_KEY_UIUserInterfaceStyle = Light;
				LD_RUNPATH_SEARCH_PATHS = (
					"$(inherited)",
					"@executable_path/Frameworks",
				);
				MARKETING_VERSION = 1.0;
				PRODUCT_BUNDLE_IDENTIFIER = com.slidingsheet.Example;
				PRODUCT_NAME = "$(TARGET_NAME)";
				SWIFT_EMIT_LOC_STRINGS = YES;
				SWIFT_VERSION = 5.0;
				TARGETED_DEVICE_FAMILY = "1,2";
			};
			name = Release;
		};
/* End XCBuildConfiguration section */

/* Begin XCConfigurationList section */
		640B31C429BE39880027010A /* Build configuration list for PBXProject "Example" */ = {
			isa = XCConfigurationList;
			buildConfigurations = (
				640B31DB29BE39890027010A /* Debug */,
				640B31DC29BE39890027010A /* Release */,
			);
			defaultConfigurationIsVisible = 0;
			defaultConfigurationName = Release;
		};
		640B31DD29BE39890027010A /* Build configuration list for PBXNativeTarget "Example" */ = {
			isa = XCConfigurationList;
			buildConfigurations = (
				640B31DE29BE39890027010A /* Debug */,
				640B31DF29BE39890027010A /* Release */,
			);
			defaultConfigurationIsVisible = 0;
			defaultConfigurationName = Release;
		};
/* End XCConfigurationList section */

/* Begin XCSwiftPackageProductDependency section */
		640B31E129BE39A90027010A /* SlidingSheet */ = {
			isa = XCSwiftPackageProductDependency;
			productName = SlidingSheet;
		};
		640B31E429BE39AD0027010A /* SlidingSheet */ = {
			isa = XCSwiftPackageProductDependency;
			productName = SlidingSheet;
		};
/* End XCSwiftPackageProductDependency section */
	};
	rootObject = 640B31C129BE39880027010A /* Project object */;
}
